
Microsoft Visual Studio Solution File, Format Version 12.00
# Visual Studio Version 16
VisualStudioVersion = 16.0.31313.79
MinimumVisualStudioVersion = 10.0.40219.1
Project("{FAE04EC0-301F-11D3-BF4B-00C04F79EFBC}") = "ValidatorMetadataType", "ValidatorMetadataType\ValidatorMetadataType.csproj", "{C38FDB5D-2C6D-4305-8B98-12272F729DDB}"
EndProject
Project("{FAE04EC0-301F-11D3-BF4B-00C04F79EFBC}") = "ValidatorMetaData", "ValidatorMetaData\ValidatorMetaData.csproj", "{CD006172-71A9-4FF8-ADF6-CCB9A0EB00FF}"
EndProject
Global
	GlobalSection(SolutionConfigurationPlatforms) = preSolution
		Debug|Any CPU = Debug|Any CPU
		Release|Any CPU = Release|Any CPU
	EndGlobalSection
	GlobalSection(ProjectConfigurationPlatforms) = postSolution
		{C38FDB5D-2C6D-4305-8B98-12272F729DDB}.Debug|Any CPU.ActiveCfg = Debug|Any CPU
		{C38FDB5D-2C6D-4305-8B98-12272F729DDB}.Debug|Any CPU.Build.0 = Debug|Any CPU
		{C38FDB5D-2C6D-4305-8B98-12272F729DDB}.Release|Any CPU.ActiveCfg = Release|Any CPU
		{C38FDB5D-2C6D-4305-8B98-12272F729DDB}.Release|Any CPU.Build.0 = Release|Any CPU
		{CD006172-71A9-4FF8-ADF6-CCB9A0EB00FF}.Debug|Any CPU.ActiveCfg = Debug|Any CPU
		{CD006172-71A9-4FF8-ADF6-CCB9A0EB00FF}.Debug|Any CPU.Build.0 = Debug|Any CPU
		{CD006172-71A9-4FF8-ADF6-CCB9A0EB00FF}.Release|Any CPU.ActiveCfg = Release|Any CPU
		{CD006172-71A9-4FF8-ADF6-CCB9A0EB00FF}.Release|Any CPU.Build.0 = Release|Any CPU
	EndGlobalSection
	GlobalSection(SolutionProperties) = preSolution
		HideSolutionNode = FALSE
	EndGlobalSection
	GlobalSection(ExtensibilityGlobals) = postSolution
		SolutionGuid = {7504130A-FD80-4599-854F-7869807160EE}
	EndGlobalSection
EndGlobal
